
Microsoft Visual Studio Solution File, Format Version 12.00
# Visual Studio Version 17
VisualStudioVersion = 17.7.34003.232
MinimumVisualStudioVersion = 10.0.40219.1
Project("{FAE04EC0-301F-11D3-BF4B-00C04F79EFBC}") = "StaticMVC", "StaticMVC\StaticMVC.csproj", "{DAEF43AD-0D5B-4180-96EC-BB0A62EEE9EF}"
EndProject
Global
	GlobalSection(SolutionConfigurationPlatforms) = preSolution
		Debug|Any CPU = Debug|Any CPU
		Release|Any CPU = Release|Any CPU
	EndGlobalSection
	GlobalSection(ProjectConfigurationPlatforms) = postSolution
		{DAEF43AD-0D5B-4180-96EC-BB0A62EEE9EF}.Debug|Any CPU.ActiveCfg = Debug|Any CPU
		{DAEF43AD-0D5B-4180-96EC-BB0A62EEE9EF}.Debug|Any CPU.Build.0 = Debug|Any CPU
		{DAEF43AD-0D5B-4180-96EC-BB0A62EEE9EF}.Release|Any CPU.ActiveCfg = Release|Any CPU
		{DAEF43AD-0D5B-4180-96EC-BB0A62EEE9EF}.Release|Any CPU.Build.0 = Release|Any CPU
	EndGlobalSection
	GlobalSection(SolutionProperties) = preSolution
		HideSolutionNode = FALSE
	EndGlobalSection
	GlobalSection(ExtensibilityGlobals) = postSolution
		SolutionGuid = {FA4BA9E5-75A0-470A-8D8A-D709A12D094B}
	EndGlobalSection
EndGlobal
